
Microsoft Visual Studio Solution File, Format Version 12.00
# Visual Studio Version 17
VisualStudioVersion = 17.8.34525.116
MinimumVisualStudioVersion = 10.0.40219.1
Project("{FAE04EC0-301F-11D3-BF4B-00C04F79EFBC}") = "Scope", "Scope\Scope.csproj", "{CCEE3F85-40DA-4E44-BB28-48F184F8577C}"
EndProject
Global
	GlobalSection(SolutionConfigurationPlatforms) = preSolution
		Debug|Any CPU = Debug|Any CPU
		Release|Any CPU = Release|Any CPU
	EndGlobalSection
	GlobalSection(ProjectConfigurationPlatforms) = postSolution
		{CCEE3F85-40DA-4E44-BB28-48F184F8577C}.Debug|Any CPU.ActiveCfg = Debug|Any CPU
		{CCEE3F85-40DA-4E44-BB28-48F184F8577C}.Debug|Any CPU.Build.0 = Debug|Any CPU
		{CCEE3F85-40DA-4E44-BB28-48F184F8577C}.Release|Any CPU.ActiveCfg = Release|Any CPU
		{CCEE3F85-40DA-4E44-BB28-48F184F8577C}.Release|Any CPU.Build.0 = Release|Any CPU
	EndGlobalSection
	GlobalSection(SolutionProperties) = preSolution
		HideSolutionNode = FALSE
	EndGlobalSection
	GlobalSection(ExtensibilityGlobals) = postSolution
		SolutionGuid = {7D423EA5-2B8A-460D-8A57-4230B907B716}
	EndGlobalSection
EndGlobal
