
Microsoft Visual Studio Solution File, Format Version 12.00
# Visual Studio Version 17
VisualStudioVersion = 17.8.34525.116
MinimumVisualStudioVersion = 10.0.40219.1
Project("{FAE04EC0-301F-11D3-BF4B-00C04F79EFBC}") = "StaticMethods", "StaticMethods\StaticMethods.csproj", "{1215E0C4-3448-4048-B68F-CE75AC4CCCCF}"
EndProject
Global
	GlobalSection(SolutionConfigurationPlatforms) = preSolution
		Debug|Any CPU = Debug|Any CPU
		Release|Any CPU = Release|Any CPU
	EndGlobalSection
	GlobalSection(ProjectConfigurationPlatforms) = postSolution
		{1215E0C4-3448-4048-B68F-CE75AC4CCCCF}.Debug|Any CPU.ActiveCfg = Debug|Any CPU
		{1215E0C4-3448-4048-B68F-CE75AC4CCCCF}.Debug|Any CPU.Build.0 = Debug|Any CPU
		{1215E0C4-3448-4048-B68F-CE75AC4CCCCF}.Release|Any CPU.ActiveCfg = Release|Any CPU
		{1215E0C4-3448-4048-B68F-CE75AC4CCCCF}.Release|Any CPU.Build.0 = Release|Any CPU
	EndGlobalSection
	GlobalSection(SolutionProperties) = preSolution
		HideSolutionNode = FALSE
	EndGlobalSection
	GlobalSection(ExtensibilityGlobals) = postSolution
		SolutionGuid = {64ABC0D8-F122-4E41-A392-086B06ED2533}
	EndGlobalSection
EndGlobal
