
Microsoft Visual Studio Solution File, Format Version 12.00
# Visual Studio Version 17
VisualStudioVersion = 17.8.34525.116
MinimumVisualStudioVersion = 10.0.40219.1
Project("{FAE04EC0-301F-11D3-BF4B-00C04F79EFBC}") = "OverloadedMethodsExercise", "OverloadedMethodsExercise\OverloadedMethodsExercise.csproj", "{05D1E00D-7D63-4874-8695-150F070A3EDA}"
EndProject
Global
	GlobalSection(SolutionConfigurationPlatforms) = preSolution
		Debug|Any CPU = Debug|Any CPU
		Release|Any CPU = Release|Any CPU
	EndGlobalSection
	GlobalSection(ProjectConfigurationPlatforms) = postSolution
		{05D1E00D-7D63-4874-8695-150F070A3EDA}.Debug|Any CPU.ActiveCfg = Debug|Any CPU
		{05D1E00D-7D63-4874-8695-150F070A3EDA}.Debug|Any CPU.Build.0 = Debug|Any CPU
		{05D1E00D-7D63-4874-8695-150F070A3EDA}.Release|Any CPU.ActiveCfg = Release|Any CPU
		{05D1E00D-7D63-4874-8695-150F070A3EDA}.Release|Any CPU.Build.0 = Release|Any CPU
	EndGlobalSection
	GlobalSection(SolutionProperties) = preSolution
		HideSolutionNode = FALSE
	EndGlobalSection
	GlobalSection(ExtensibilityGlobals) = postSolution
		SolutionGuid = {5FA822C8-8A13-47EB-9EAA-E06C5EE87996}
	EndGlobalSection
EndGlobal
