
Microsoft Visual Studio Solution File, Format Version 12.00
# Visual Studio Version 17
VisualStudioVersion = 17.8.34525.116
MinimumVisualStudioVersion = 10.0.40219.1
Project("{FAE04EC0-301F-11D3-BF4B-00C04F79EFBC}") = "DateTimeLecture", "DateTimeLecture\DateTimeLecture.csproj", "{84A2419C-AA83-445A-ABBB-7215E17BBD94}"
EndProject
Global
	GlobalSection(SolutionConfigurationPlatforms) = preSolution
		Debug|Any CPU = Debug|Any CPU
		Release|Any CPU = Release|Any CPU
	EndGlobalSection
	GlobalSection(ProjectConfigurationPlatforms) = postSolution
		{84A2419C-AA83-445A-ABBB-7215E17BBD94}.Debug|Any CPU.ActiveCfg = Debug|Any CPU
		{84A2419C-AA83-445A-ABBB-7215E17BBD94}.Debug|Any CPU.Build.0 = Debug|Any CPU
		{84A2419C-AA83-445A-ABBB-7215E17BBD94}.Release|Any CPU.ActiveCfg = Release|Any CPU
		{84A2419C-AA83-445A-ABBB-7215E17BBD94}.Release|Any CPU.Build.0 = Release|Any CPU
	EndGlobalSection
	GlobalSection(SolutionProperties) = preSolution
		HideSolutionNode = FALSE
	EndGlobalSection
	GlobalSection(ExtensibilityGlobals) = postSolution
		SolutionGuid = {8FDDA230-C82F-4637-84C4-FC99116ECBB3}
	EndGlobalSection
EndGlobal
